
Microsoft Visual Studio Solution File, Format Version 12.00
# Visual Studio 15
VisualStudioVersion = 15.0.28010.2041
MinimumVisualStudioVersion = 10.0.40219.1
Project("{8BC9CEB8-8B4A-11D0-8D11-00A0C91BC942}") = "LINAL-eindopdracht", "LINAL-eindopdracht\LINAL-eindopdracht.vcxproj", "{8A988192-7C03-4D34-80E7-AB75841A6FE5}"
EndProject
Global
	GlobalSection(SolutionConfigurationPlatforms) = preSolution
		Debug|x64 = Debug|x64
		Debug|x86 = Debug|x86
		Release|x64 = Release|x64
		Release|x86 = Release|x86
	EndGlobalSection
	GlobalSection(ProjectConfigurationPlatforms) = postSolution
		{8A988192-7C03-4D34-80E7-AB75841A6FE5}.Debug|x64.ActiveCfg = Debug|x64
		{8A988192-7C03-4D34-80E7-AB75841A6FE5}.Debug|x64.Build.0 = Debug|x64
		{8A988192-7C03-4D34-80E7-AB75841A6FE5}.Debug|x86.ActiveCfg = Debug|Win32
		{8A988192-7C03-4D34-80E7-AB75841A6FE5}.Debug|x86.Build.0 = Debug|Win32
		{8A988192-7C03-4D34-80E7-AB75841A6FE5}.Release|x64.ActiveCfg = Release|x64
		{8A988192-7C03-4D34-80E7-AB75841A6FE5}.Release|x64.Build.0 = Release|x64
		{8A988192-7C03-4D34-80E7-AB75841A6FE5}.Release|x86.ActiveCfg = Release|Win32
		{8A988192-7C03-4D34-80E7-AB75841A6FE5}.Release|x86.Build.0 = Release|Win32
	EndGlobalSection
	GlobalSection(SolutionProperties) = preSolution
		HideSolutionNode = FALSE
	EndGlobalSection
	GlobalSection(ExtensibilityGlobals) = postSolution
		SolutionGuid = {088B395C-0EE7-4882-AB41-A92346324B7C}
	EndGlobalSection
EndGlobal
